
Microsoft Visual Studio Solution File, Format Version 12.00
# Visual Studio Version 17
VisualStudioVersion = 17.10.35013.160
MinimumVisualStudioVersion = 10.0.40219.1
Project("{8BC9CEB8-8B4A-11D0-8D11-00A0C91BC942}") = "Ejercicio_arbol_funciones_maxnodeheight_etc_2021", "Ejercicio_arbol_funciones_maxnodeheight_etc_2021.vcxproj", "{210AEA55-7747-44CC-A5C5-5C6CA3F35767}"
EndProject
Global
	GlobalSection(SolutionConfigurationPlatforms) = preSolution
		Debug|x64 = Debug|x64
		Debug|x86 = Debug|x86
		Release|x64 = Release|x64
		Release|x86 = Release|x86
	EndGlobalSection
	GlobalSection(ProjectConfigurationPlatforms) = postSolution
		{210AEA55-7747-44CC-A5C5-5C6CA3F35767}.Debug|x64.ActiveCfg = Debug|x64
		{210AEA55-7747-44CC-A5C5-5C6CA3F35767}.Debug|x64.Build.0 = Debug|x64
		{210AEA55-7747-44CC-A5C5-5C6CA3F35767}.Debug|x86.ActiveCfg = Debug|Win32
		{210AEA55-7747-44CC-A5C5-5C6CA3F35767}.Debug|x86.Build.0 = Debug|Win32
		{210AEA55-7747-44CC-A5C5-5C6CA3F35767}.Release|x64.ActiveCfg = Release|x64
		{210AEA55-7747-44CC-A5C5-5C6CA3F35767}.Release|x64.Build.0 = Release|x64
		{210AEA55-7747-44CC-A5C5-5C6CA3F35767}.Release|x86.ActiveCfg = Release|Win32
		{210AEA55-7747-44CC-A5C5-5C6CA3F35767}.Release|x86.Build.0 = Release|Win32
	EndGlobalSection
	GlobalSection(SolutionProperties) = preSolution
		HideSolutionNode = FALSE
	EndGlobalSection
	GlobalSection(ExtensibilityGlobals) = postSolution
		SolutionGuid = {8E1C7554-2812-4FFF-BC3E-3EB45254EAB3}
	EndGlobalSection
EndGlobal
